
Microsoft Visual Studio Solution File, Format Version 12.00
# Visual Studio 15
VisualStudioVersion = 15.0.27428.2015
MinimumVisualStudioVersion = 10.0.40219.1
Project("{FAE04EC0-301F-11D3-BF4B-00C04F79EFBC}") = "Gear Calculator", "Gear Calculator.csproj", "{F665D7A1-54AE-442C-A62E-4D9E887B456F}"
EndProject
Global
	GlobalSection(SolutionConfigurationPlatforms) = preSolution
		Debug|Any CPU = Debug|Any CPU
		Release|Any CPU = Release|Any CPU
	EndGlobalSection
	GlobalSection(ProjectConfigurationPlatforms) = postSolution
		{F665D7A1-54AE-442C-A62E-4D9E887B456F}.Debug|Any CPU.ActiveCfg = Debug|Any CPU
		{F665D7A1-54AE-442C-A62E-4D9E887B456F}.Debug|Any CPU.Build.0 = Debug|Any CPU
		{F665D7A1-54AE-442C-A62E-4D9E887B456F}.Release|Any CPU.ActiveCfg = Release|Any CPU
		{F665D7A1-54AE-442C-A62E-4D9E887B456F}.Release|Any CPU.Build.0 = Release|Any CPU
	EndGlobalSection
	GlobalSection(SolutionProperties) = preSolution
		HideSolutionNode = FALSE
	EndGlobalSection
	GlobalSection(ExtensibilityGlobals) = postSolution
		SolutionGuid = {E67C5D5A-F80D-4544-B2FA-29C4A8553B7F}
	EndGlobalSection
EndGlobal
